
Microsoft Visual Studio Solution File, Format Version 12.00
# Visual Studio 15
VisualStudioVersion = 15.0.25914.0
MinimumVisualStudioVersion = 10.0.40219.1
Project("{2150E333-8FDC-42A3-9474-1A3956D46DE8}") = "src", "src", "{967A1E6E-1FED-45CC-8DA2-D973393A36D6}"
EndProject
Project("{FAE04EC0-301F-11D3-BF4B-00C04F79EFBC}") = "Heisenslaught", "src\Heisenslaught\Heisenslaught.csproj", "{A732472D-796F-4FDE-B7FD-482B4F7125DB}"
EndProject
Global
	GlobalSection(SolutionConfigurationPlatforms) = preSolution
		Debug|Any CPU = Debug|Any CPU
		Release|Any CPU = Release|Any CPU
	EndGlobalSection
	GlobalSection(ProjectConfigurationPlatforms) = postSolution
		{A732472D-796F-4FDE-B7FD-482B4F7125DB}.Debug|Any CPU.ActiveCfg = Debug|Any CPU
		{A732472D-796F-4FDE-B7FD-482B4F7125DB}.Debug|Any CPU.Build.0 = Debug|Any CPU
		{A732472D-796F-4FDE-B7FD-482B4F7125DB}.Release|Any CPU.ActiveCfg = Release|Any CPU
		{A732472D-796F-4FDE-B7FD-482B4F7125DB}.Release|Any CPU.Build.0 = Release|Any CPU
	EndGlobalSection
	GlobalSection(SolutionProperties) = preSolution
		HideSolutionNode = FALSE
	EndGlobalSection
	GlobalSection(NestedProjects) = preSolution
		{A732472D-796F-4FDE-B7FD-482B4F7125DB} = {967A1E6E-1FED-45CC-8DA2-D973393A36D6}
	EndGlobalSection
EndGlobal
